// !$*UTF8*$!
{
	archiveVersion = 1;
	classes = {
	};
	objectVersion = 50;
	objects = {

/* Begin PBXBuildFile section */
		3DFF0D7727028B1D004E4AB5 /* AppDelegate.swift in Sources */ = {isa = PBXBuildFile; fileRef = 3DFF0D7627028B1D004E4AB5 /* AppDelegate.swift */; };
		3DFF0D7927028B1D004E4AB5 /* ViewController.swift in Sources */ = {isa = PBXBuildFile; fileRef = 3DFF0D7827028B1D004E4AB5 /* ViewController.swift */; };
		3DFF0D7C27028B1D004E4AB5 /* Main.storyboard in Resources */ = {isa = PBXBuildFile; fileRef = 3DFF0D7A27028B1D004E4AB5 /* Main.storyboard */; };
		3DFF0D7E27028B20004E4AB5 /* Assets.xcassets in Resources */ = {isa = PBXBuildFile; fileRef = 3DFF0D7D27028B20004E4AB5 /* Assets.xcassets */; };
		3DFF0D8127028B20004E4AB5 /* LaunchScreen.storyboard in Resources */ = {isa = PBXBuildFile; fileRef = 3DFF0D7F27028B20004E4AB5 /* LaunchScreen.storyboard */; };
		3DFF0D8C27028B20004E4AB5 /* tableviewsTests.swift in Sources */ = {isa = PBXBuildFile; fileRef = 3DFF0D8B27028B20004E4AB5 /* tableviewsTests.swift */; };
		3DFF0D9727028B20004E4AB5 /* tableviewsUITests.swift in Sources */ = {isa = PBXBuildFile; fileRef = 3DFF0D9627028B20004E4AB5 /* tableviewsUITests.swift */; };
		3DFF0DA52702944E004E4AB5 /* CeldaAlumnoController.swift in Sources */ = {isa = PBXBuildFile; fileRef = 3DFF0DA42702944E004E4AB5 /* CeldaAlumnoController.swift */; };
/* End PBXBuildFile section */

/* Begin PBXContainerItemProxy section */
		3DFF0D8827028B20004E4AB5 /* PBXContainerItemProxy */ = {
			isa = PBXContainerItemProxy;
			containerPortal = 3DFF0D6B27028B1D004E4AB5 /* Project object */;
			proxyType = 1;
			remoteGlobalIDString = 3DFF0D7227028B1D004E4AB5;
			remoteInfo = tableviews;
		};
		3DFF0D9327028B20004E4AB5 /* PBXContainerItemProxy */ = {
			isa = PBXContainerItemProxy;
			containerPortal = 3DFF0D6B27028B1D004E4AB5 /* Project object */;
			proxyType = 1;
			remoteGlobalIDString = 3DFF0D7227028B1D004E4AB5;
			remoteInfo = tableviews;
		};
/* End PBXContainerItemProxy section */

/* Begin PBXFileReference section */
		3DFF0D7327028B1D004E4AB5 /* tableviews.app */ = {isa = PBXFileReference; explicitFileType = wrapper.application; includeInIndex = 0; path = tableviews.app; sourceTree = BUILT_PRODUCTS_DIR; };
		3DFF0D7627028B1D004E4AB5 /* AppDelegate.swift */ = {isa = PBXFileReference; lastKnownFileType = sourcecode.swift; path = AppDelegate.swift; sourceTree = "<group>"; };
		3DFF0D7827028B1D004E4AB5 /* ViewController.swift */ = {isa = PBXFileReference; lastKnownFileType = sourcecode.swift; path = ViewController.swift; sourceTree = "<group>"; };
		3DFF0D7B27028B1D004E4AB5 /* Base */ = {isa = PBXFileReference; lastKnownFileType = file.storyboard; name = Base; path = Base.lproj/Main.storyboard; sourceTree = "<group>"; };
		3DFF0D7D27028B20004E4AB5 /* Assets.xcassets */ = {isa = PBXFileReference; lastKnownFileType = folder.assetcatalog; path = Assets.xcassets; sourceTree = "<group>"; };
		3DFF0D8027028B20004E4AB5 /* Base */ = {isa = PBXFileReference; lastKnownFileType = file.storyboard; name = Base; path = Base.lproj/LaunchScreen.storyboard; sourceTree = "<group>"; };
		3DFF0D8227028B20004E4AB5 /* Info.plist */ = {isa = PBXFileReference; lastKnownFileType = text.plist.xml; path = Info.plist; sourceTree = "<group>"; };
		3DFF0D8727028B20004E4AB5 /* tableviewsTests.xctest */ = {isa = PBXFileReference; explicitFileType = wrapper.cfbundle; includeInIndex = 0; path = tableviewsTests.xctest; sourceTree = BUILT_PRODUCTS_DIR; };
		3DFF0D8B27028B20004E4AB5 /* tableviewsTests.swift */ = {isa = PBXFileReference; lastKnownFileType = sourcecode.swift; path = tableviewsTests.swift; sourceTree = "<group>"; };
		3DFF0D8D27028B20004E4AB5 /* Info.plist */ = {isa = PBXFileReference; lastKnownFileType = text.plist.xml; path = Info.plist; sourceTree = "<group>"; };
		3DFF0D9227028B20004E4AB5 /* tableviewsUITests.xctest */ = {isa = PBXFileReference; explicitFileType = wrapper.cfbundle; includeInIndex = 0; path = tableviewsUITests.xctest; sourceTree = BUILT_PRODUCTS_DIR; };
		3DFF0D9627028B20004E4AB5 /* tableviewsUITests.swift */ = {isa = PBXFileReference; lastKnownFileType = sourcecode.swift; path = tableviewsUITests.swift; sourceTree = "<group>"; };
		3DFF0D9827028B20004E4AB5 /* Info.plist */ = {isa = PBXFileReference; lastKnownFileType = text.plist.xml; path = Info.plist; sourceTree = "<group>"; };
		3DFF0DA42702944E004E4AB5 /* CeldaAlumnoController.swift */ = {isa = PBXFileReference; lastKnownFileType = sourcecode.swift; path = CeldaAlumnoController.swift; sourceTree = "<group>"; };
/* End PBXFileReference section */

/* Begin PBXFrameworksBuildPhase section */
		3DFF0D7027028B1D004E4AB5 /* Frameworks */ = {
			isa = PBXFrameworksBuildPhase;
			buildActionMask = 2147483647;
			files = (
			);
			runOnlyForDeploymentPostprocessing = 0;
		};
		3DFF0D8427028B20004E4AB5 /* Frameworks */ = {
			isa = PBXFrameworksBuildPhase;
			buildActionMask = 2147483647;
			files = (
			);
			runOnlyForDeploymentPostprocessing = 0;
		};
		3DFF0D8F27028B20004E4AB5 /* Frameworks */ = {
			isa = PBXFrameworksBuildPhase;
			buildActionMask = 2147483647;
			files = (
			);
			runOnlyForDeploymentPostprocessing = 0;
		};
/* End PBXFrameworksBuildPhase section */

/* Begin PBXGroup section */
		3DFF0D6A27028B1D004E4AB5 = {
			isa = PBXGroup;
			children = (
				3DFF0DA42702944E004E4AB5 /* CeldaAlumnoController.swift */,
				3DFF0D7527028B1D004E4AB5 /* tableviews */,
				3DFF0D8A27028B20004E4AB5 /* tableviewsTests */,
				3DFF0D9527028B20004E4AB5 /* tableviewsUITests */,
				3DFF0D7427028B1D004E4AB5 /* Products */,
			);
			sourceTree = "<group>";
		};
		3DFF0D7427028B1D004E4AB5 /* Products */ = {
			isa = PBXGroup;
			children = (
				3DFF0D7327028B1D004E4AB5 /* tableviews.app */,
				3DFF0D8727028B20004E4AB5 /* tableviewsTests.xctest */,
				3DFF0D9227028B20004E4AB5 /* tableviewsUITests.xctest */,
			);
			name = Products;
			sourceTree = "<group>";
		};
		3DFF0D7527028B1D004E4AB5 /* tableviews */ = {
			isa = PBXGroup;
			children = (
				3DFF0D7627028B1D004E4AB5 /* AppDelegate.swift */,
				3DFF0D7827028B1D004E4AB5 /* ViewController.swift */,
				3DFF0D7A27028B1D004E4AB5 /* Main.storyboard */,
				3DFF0D7D27028B20004E4AB5 /* Assets.xcassets */,
				3DFF0D7F27028B20004E4AB5 /* LaunchScreen.storyboard */,
				3DFF0D8227028B20004E4AB5 /* Info.plist */,
			);
			path = tableviews;
			sourceTree = "<group>";
		};
		3DFF0D8A27028B20004E4AB5 /* tableviewsTests */ = {
			isa = PBXGroup;
			children = (
				3DFF0D8B27028B20004E4AB5 /* tableviewsTests.swift */,
				3DFF0D8D27028B20004E4AB5 /* Info.plist */,
			);
			path = tableviewsTests;
			sourceTree = "<group>";
		};
		3DFF0D9527028B20004E4AB5 /* tableviewsUITests */ = {
			isa = PBXGroup;
			children = (
				3DFF0D9627028B20004E4AB5 /* tableviewsUITests.swift */,
				3DFF0D9827028B20004E4AB5 /* Info.plist */,
			);
			path = tableviewsUITests;
			sourceTree = "<group>";
		};
/* End PBXGroup section */

/* Begin PBXNativeTarget section */
		3DFF0D7227028B1D004E4AB5 /* tableviews */ = {
			isa = PBXNativeTarget;
			buildConfigurationList = 3DFF0D9B27028B20004E4AB5 /* Build configuration list for PBXNativeTarget "tableviews" */;
			buildPhases = (
				3DFF0D6F27028B1D004E4AB5 /* Sources */,
				3DFF0D7027028B1D004E4AB5 /* Frameworks */,
				3DFF0D7127028B1D004E4AB5 /* Resources */,
			);
			buildRules = (
			);
			dependencies = (
			);
			name = tableviews;
			productName = tableviews;
			productReference = 3DFF0D7327028B1D004E4AB5 /* tableviews.app */;
			productType = "com.apple.product-type.application";
		};
		3DFF0D8627028B20004E4AB5 /* tableviewsTests */ = {
			isa = PBXNativeTarget;
			buildConfigurationList = 3DFF0D9E27028B20004E4AB5 /* Build configuration list for PBXNativeTarget "tableviewsTests" */;
			buildPhases = (
				3DFF0D8327028B20004E4AB5 /* Sources */,
				3DFF0D8427028B20004E4AB5 /* Frameworks */,
				3DFF0D8527028B20004E4AB5 /* Resources */,
			);
			buildRules = (
			);
			dependencies = (
				3DFF0D8927028B20004E4AB5 /* PBXTargetDependency */,
			);
			name = tableviewsTests;
			productName = tableviewsTests;
			productReference = 3DFF0D8727028B20004E4AB5 /* tableviewsTests.xctest */;
			productType = "com.apple.product-type.bundle.unit-test";
		};
		3DFF0D9127028B20004E4AB5 /* tableviewsUITests */ = {
			isa = PBXNativeTarget;
			buildConfigurationList = 3DFF0DA127028B20004E4AB5 /* Build configuration list for PBXNativeTarget "tableviewsUITests" */;
			buildPhases = (
				3DFF0D8E27028B20004E4AB5 /* Sources */,
				3DFF0D8F27028B20004E4AB5 /* Frameworks */,
				3DFF0D9027028B20004E4AB5 /* Resources */,
			);
			buildRules = (
			);
			dependencies = (
				3DFF0D9427028B20004E4AB5 /* PBXTargetDependency */,
			);
			name = tableviewsUITests;
			productName = tableviewsUITests;
			productReference = 3DFF0D9227028B20004E4AB5 /* tableviewsUITests.xctest */;
			productType = "com.apple.product-type.bundle.ui-testing";
		};
/* End PBXNativeTarget section */

/* Begin PBXProject section */
		3DFF0D6B27028B1D004E4AB5 /* Project object */ = {
			isa = PBXProject;
			attributes = {
				LastSwiftUpdateCheck = 0940;
				LastUpgradeCheck = 0940;
				ORGANIZATIONNAME = Alumno;
				TargetAttributes = {
					3DFF0D7227028B1D004E4AB5 = {
						CreatedOnToolsVersion = 9.4.1;
					};
					3DFF0D8627028B20004E4AB5 = {
						CreatedOnToolsVersion = 9.4.1;
						TestTargetID = 3DFF0D7227028B1D004E4AB5;
					};
					3DFF0D9127028B20004E4AB5 = {
						CreatedOnToolsVersion = 9.4.1;
						TestTargetID = 3DFF0D7227028B1D004E4AB5;
					};
				};
			};
			buildConfigurationList = 3DFF0D6E27028B1D004E4AB5 /* Build configuration list for PBXProject "tableviews" */;
			compatibilityVersion = "Xcode 9.3";
			developmentRegion = en;
			hasScannedForEncodings = 0;
			knownRegions = (
				en,
				Base,
			);
			mainGroup = 3DFF0D6A27028B1D004E4AB5;
			productRefGroup = 3DFF0D7427028B1D004E4AB5 /* Products */;
			projectDirPath = "";
			projectRoot = "";
			targets = (
				3DFF0D7227028B1D004E4AB5 /* tableviews */,
				3DFF0D8627028B20004E4AB5 /* tableviewsTests */,
				3DFF0D9127028B20004E4AB5 /* tableviewsUITests */,
			);
		};
/* End PBXProject section */

/* Begin PBXResourcesBuildPhase section */
		3DFF0D7127028B1D004E4AB5 /* Resources */ = {
			isa = PBXResourcesBuildPhase;
			buildActionMask = 2147483647;
			files = (
				3DFF0D8127028B20004E4AB5 /* LaunchScreen.storyboard in Resources */,
				3DFF0D7E27028B20004E4AB5 /* Assets.xcassets in Resources */,
				3DFF0D7C27028B1D004E4AB5 /* Main.storyboard in Resources */,
			);
			runOnlyForDeploymentPostprocessing = 0;
		};
		3DFF0D8527028B20004E4AB5 /* Resources */ = {
			isa = PBXResourcesBuildPhase;
			buildActionMask = 2147483647;
			files = (
			);
			runOnlyForDeploymentPostprocessing = 0;
		};
		3DFF0D9027028B20004E4AB5 /* Resources */ = {
			isa = PBXResourcesBuildPhase;
			buildActionMask = 2147483647;
			files = (
			);
			runOnlyForDeploymentPostprocessing = 0;
		};
/* End PBXResourcesBuildPhase section */

/* Begin PBXSourcesBuildPhase section */
		3DFF0D6F27028B1D004E4AB5 /* Sources */ = {
			isa = PBXSourcesBuildPhase;
			buildActionMask = 2147483647;
			files = (
				3DFF0D7927028B1D004E4AB5 /* ViewController.swift in Sources */,
				3DFF0D7727028B1D004E4AB5 /* AppDelegate.swift in Sources */,
				3DFF0DA52702944E004E4AB5 /* CeldaAlumnoController.swift in Sources */,
			);
			runOnlyForDeploymentPostprocessing = 0;
		};
		3DFF0D8327028B20004E4AB5 /* Sources */ = {
			isa = PBXSourcesBuildPhase;
			buildActionMask = 2147483647;
			files = (
				3DFF0D8C27028B20004E4AB5 /* tableviewsTests.swift in Sources */,
			);
			runOnlyForDeploymentPostprocessing = 0;
		};
		3DFF0D8E27028B20004E4AB5 /* Sources */ = {
			isa = PBXSourcesBuildPhase;
			buildActionMask = 2147483647;
			files = (
				3DFF0D9727028B20004E4AB5 /* tableviewsUITests.swift in Sources */,
			);
			runOnlyForDeploymentPostprocessing = 0;
		};
/* End PBXSourcesBuildPhase section */

/* Begin PBXTargetDependency section */
		3DFF0D8927028B20004E4AB5 /* PBXTargetDependency */ = {
			isa = PBXTargetDependency;
			target = 3DFF0D7227028B1D004E4AB5 /* tableviews */;
			targetProxy = 3DFF0D8827028B20004E4AB5 /* PBXContainerItemProxy */;
		};
		3DFF0D9427028B20004E4AB5 /* PBXTargetDependency */ = {
			isa = PBXTargetDependency;
			target = 3DFF0D7227028B1D004E4AB5 /* tableviews */;
			targetProxy = 3DFF0D9327028B20004E4AB5 /* PBXContainerItemProxy */;
		};
/* End PBXTargetDependency section */

/* Begin PBXVariantGroup section */
		3DFF0D7A27028B1D004E4AB5 /* Main.storyboard */ = {
			isa = PBXVariantGroup;
			children = (
				3DFF0D7B27028B1D004E4AB5 /* Base */,
			);
			name = Main.storyboard;
			sourceTree = "<group>";
		};
		3DFF0D7F27028B20004E4AB5 /* LaunchScreen.storyboard */ = {
			isa = PBXVariantGroup;
			children = (
				3DFF0D8027028B20004E4AB5 /* Base */,
			);
			name = LaunchScreen.storyboard;
			sourceTree = "<group>";
		};
/* End PBXVariantGroup section */

/* Begin XCBuildConfiguration section */
		3DFF0D9927028B20004E4AB5 /* Debug */ = {
			isa = XCBuildConfiguration;
			buildSettings = {
				ALWAYS_SEARCH_USER_PATHS = NO;
				CLANG_ANALYZER_NONNULL = YES;
				CLANG_ANALYZER_NUMBER_OBJECT_CONVERSION = YES_AGGRESSIVE;
				CLANG_CXX_LANGUAGE_STANDARD = "gnu++14";
				CLANG_CXX_LIBRARY = "libc++";
				CLANG_ENABLE_MODULES = YES;
				CLANG_ENABLE_OBJC_ARC = YES;
				CLANG_ENABLE_OBJC_WEAK = YES;
				CLANG_WARN_BLOCK_CAPTURE_AUTORELEASING = YES;
				CLANG_WARN_BOOL_CONVERSION = YES;
				CLANG_WARN_COMMA = YES;
				CLANG_WARN_CONSTANT_CONVERSION = YES;
				CLANG_WARN_DEPRECATED_OBJC_IMPLEMENTATIONS = YES;
				CLANG_WARN_DIRECT_OBJC_ISA_USAGE = YES_ERROR;
				CLANG_WARN_DOCUMENTATION_COMMENTS = YES;
				CLANG_WARN_EMPTY_BODY = YES;
				CLANG_WARN_ENUM_CONVERSION = YES;
				CLANG_WARN_INFINITE_RECURSION = YES;
				CLANG_WARN_INT_CONVERSION = YES;
				CLANG_WARN_NON_LITERAL_NULL_CONVERSION = YES;
				CLANG_WARN_OBJC_IMPLICIT_RETAIN_SELF = YES;
				CLANG_WARN_OBJC_LITERAL_CONVERSION = YES;
				CLANG_WARN_OBJC_ROOT_CLASS = YES_ERROR;
				CLANG_WARN_RANGE_LOOP_ANALYSIS = YES;
				CLANG_WARN_STRICT_PROTOTYPES = YES;
				CLANG_WARN_SUSPICIOUS_MOVE = YES;
				CLANG_WARN_UNGUARDED_AVAILABILITY = YES_AGGRESSIVE;
				CLANG_WARN_UNREACHABLE_CODE = YES;
				CLANG_WARN__DUPLICATE_METHOD_MATCH = YES;
				CODE_SIGN_IDENTITY = "iPhone Developer";
				COPY_PHASE_STRIP = NO;
				DEBUG_INFORMATION_FORMAT = dwarf;
				ENABLE_STRICT_OBJC_MSGSEND = YES;
				ENABLE_TESTABILITY = YES;
				GCC_C_LANGUAGE_STANDARD = gnu11;
				GCC_DYNAMIC_NO_PIC = NO;
				GCC_NO_COMMON_BLOCKS = YES;
				GCC_OPTIMIZATION_LEVEL = 0;
				GCC_PREPROCESSOR_DEFINITIONS = (
					"DEBUG=1",
					"$(inherited)",
				);
				GCC_WARN_64_TO_32_BIT_CONVERSION = YES;
				GCC_WARN_ABOUT_RETURN_TYPE = YES_ERROR;
				GCC_WARN_UNDECLARED_SELECTOR = YES;
				GCC_WARN_UNINITIALIZED_AUTOS = YES_AGGRESSIVE;
				GCC_WARN_UNUSED_FUNCTION = YES;
				GCC_WARN_UNUSED_VARIABLE = YES;
				IPHONEOS_DEPLOYMENT_TARGET = 11.4;
				MTL_ENABLE_DEBUG_INFO = YES;
				ONLY_ACTIVE_ARCH = YES;
				SDKROOT = iphoneos;
				SWIFT_ACTIVE_COMPILATION_CONDITIONS = DEBUG;
				SWIFT_OPTIMIZATION_LEVEL = "-Onone";
			};
			name = Debug;
		};
		3DFF0D9A27028B20004E4AB5 /* Release */ = {
			isa = XCBuildConfiguration;
			buildSettings = {
				ALWAYS_SEARCH_USER_PATHS = NO;
				CLANG_ANALYZER_NONNULL = YES;
				CLANG_ANALYZER_NUMBER_OBJECT_CONVERSION = YES_AGGRESSIVE;
				CLANG_CXX_LANGUAGE_STANDARD = "gnu++14";
				CLANG_CXX_LIBRARY = "libc++";
				CLANG_ENABLE_MODULES = YES;
				CLANG_ENABLE_OBJC_ARC = YES;
				CLANG_ENABLE_OBJC_WEAK = YES;
				CLANG_WARN_BLOCK_CAPTURE_AUTORELEASING = YES;
				CLANG_WARN_BOOL_CONVERSION = YES;
				CLANG_WARN_COMMA = YES;
				CLANG_WARN_CONSTANT_CONVERSION = YES;
				CLANG_WARN_DEPRECATED_OBJC_IMPLEMENTATIONS = YES;
				CLANG_WARN_DIRECT_OBJC_ISA_USAGE = YES_ERROR;
				CLANG_WARN_DOCUMENTATION_COMMENTS = YES;
				CLANG_WARN_EMPTY_BODY = YES;
				CLANG_WARN_ENUM_CONVERSION = YES;
				CLANG_WARN_INFINITE_RECURSION = YES;
				CLANG_WARN_INT_CONVERSION = YES;
				CLANG_WARN_NON_LITERAL_NULL_CONVERSION = YES;
				CLANG_WARN_OBJC_IMPLICIT_RETAIN_SELF = YES;
				CLANG_WARN_OBJC_LITERAL_CONVERSION = YES;
				CLANG_WARN_OBJC_ROOT_CLASS = YES_ERROR;
				CLANG_WARN_RANGE_LOOP_ANALYSIS = YES;
				CLANG_WARN_STRICT_PROTOTYPES = YES;
				CLANG_WARN_SUSPICIOUS_MOVE = YES;
				CLANG_WARN_UNGUARDED_AVAILABILITY = YES_AGGRESSIVE;
				CLANG_WARN_UNREACHABLE_CODE = YES;
				CLANG_WARN__DUPLICATE_METHOD_MATCH = YES;
				CODE_SIGN_IDENTITY = "iPhone Developer";
				COPY_PHASE_STRIP = NO;
				DEBUG_INFORMATION_FORMAT = "dwarf-with-dsym";
				ENABLE_NS_ASSERTIONS = NO;
				ENABLE_STRICT_OBJC_MSGSEND = YES;
				GCC_C_LANGUAGE_STANDARD = gnu11;
				GCC_NO_COMMON_BLOCKS = YES;
				GCC_WARN_64_TO_32_BIT_CONVERSION = YES;
				GCC_WARN_ABOUT_RETURN_TYPE = YES_ERROR;
				GCC_WARN_UNDECLARED_SELECTOR = YES;
				GCC_WARN_UNINITIALIZED_AUTOS = YES_AGGRESSIVE;
				GCC_WARN_UNUSED_FUNCTION = YES;
				GCC_WARN_UNUSED_VARIABLE = YES;
				IPHONEOS_DEPLOYMENT_TARGET = 11.4;
				MTL_ENABLE_DEBUG_INFO = NO;
				SDKROOT = iphoneos;
				SWIFT_COMPILATION_MODE = wholemodule;
				SWIFT_OPTIMIZATION_LEVEL = "-O";
				VALIDATE_PRODUCT = YES;
			};
			name = Release;
		};
		3DFF0D9C27028B20004E4AB5 /* Debug */ = {
			isa = XCBuildConfiguration;
			buildSettings = {
				ASSETCATALOG_COMPILER_APPICON_NAME = AppIcon;
				CODE_SIGN_STYLE = Automatic;
				INFOPLIST_FILE = tableviews/Info.plist;
				LD_RUNPATH_SEARCH_PATHS = (
					"$(inherited)",
					"@executable_path/Frameworks",
				);
				PRODUCT_BUNDLE_IDENTIFIER = edu.ulsa.tableviews;
				PRODUCT_NAME = "$(TARGET_NAME)";
				SWIFT_VERSION = 4.0;
				TARGETED_DEVICE_FAMILY = "1,2";
			};
			name = Debug;
		};
		3DFF0D9D27028B20004E4AB5 /* Release */ = {
			isa = XCBuildConfiguration;
			buildSettings = {
				ASSETCATALOG_COMPILER_APPICON_NAME = AppIcon;
				CODE_SIGN_STYLE = Automatic;
				INFOPLIST_FILE = tableviews/Info.plist;
				LD_RUNPATH_SEARCH_PATHS = (
					"$(inherited)",
					"@executable_path/Frameworks",
				);
				PRODUCT_BUNDLE_IDENTIFIER = edu.ulsa.tableviews;
				PRODUCT_NAME = "$(TARGET_NAME)";
				SWIFT_VERSION = 4.0;
				TARGETED_DEVICE_FAMILY = "1,2";
			};
			name = Release;
		};
		3DFF0D9F27028B20004E4AB5 /* Debug */ = {
			isa = XCBuildConfiguration;
			buildSettings = {
				ALWAYS_EMBED_SWIFT_STANDARD_LIBRARIES = YES;
				BUNDLE_LOADER = "$(TEST_HOST)";
				CODE_SIGN_STYLE = Automatic;
				INFOPLIST_FILE = tableviewsTests/Info.plist;
				LD_RUNPATH_SEARCH_PATHS = (
					"$(inherited)",
					"@executable_path/Frameworks",
					"@loader_path/Frameworks",
				);
				PRODUCT_BUNDLE_IDENTIFIER = edu.ulsa.tableviewsTests;
				PRODUCT_NAME = "$(TARGET_NAME)";
				SWIFT_VERSION = 4.0;
				TARGETED_DEVICE_FAMILY = "1,2";
				TEST_HOST = "$(BUILT_PRODUCTS_DIR)/tableviews.app/tableviews";
			};
			name = Debug;
		};
		3DFF0DA027028B20004E4AB5 /* Release */ = {
			isa = XCBuildConfiguration;
			buildSettings = {
				ALWAYS_EMBED_SWIFT_STANDARD_LIBRARIES = YES;
				BUNDLE_LOADER = "$(TEST_HOST)";
				CODE_SIGN_STYLE = Automatic;
				INFOPLIST_FILE = tableviewsTests/Info.plist;
				LD_RUNPATH_SEARCH_PATHS = (
					"$(inherited)",
					"@executable_path/Frameworks",
					"@loader_path/Frameworks",
				);
				PRODUCT_BUNDLE_IDENTIFIER = edu.ulsa.tableviewsTests;
				PRODUCT_NAME = "$(TARGET_NAME)";
				SWIFT_VERSION = 4.0;
				TARGETED_DEVICE_FAMILY = "1,2";
				TEST_HOST = "$(BUILT_PRODUCTS_DIR)/tableviews.app/tableviews";
			};
			name = Release;
		};
		3DFF0DA227028B20004E4AB5 /* Debug */ = {
			isa = XCBuildConfiguration;
			buildSettings = {
				ALWAYS_EMBED_SWIFT_STANDARD_LIBRARIES = YES;
				CODE_SIGN_STYLE = Automatic;
				INFOPLIST_FILE = tableviewsUITests/Info.plist;
				LD_RUNPATH_SEARCH_PATHS = (
					"$(inherited)",
					"@executable_path/Frameworks",
					"@loader_path/Frameworks",
				);
				PRODUCT_BUNDLE_IDENTIFIER = edu.ulsa.tableviewsUITests;
				PRODUCT_NAME = "$(TARGET_NAME)";
				SWIFT_VERSION = 4.0;
				TARGETED_DEVICE_FAMILY = "1,2";
				TEST_TARGET_NAME = tableviews;
			};
			name = Debug;
		};
		3DFF0DA327028B20004E4AB5 /* Release */ = {
			isa = XCBuildConfiguration;
			buildSettings = {
				ALWAYS_EMBED_SWIFT_STANDARD_LIBRARIES = YES;
				CODE_SIGN_STYLE = Automatic;
				INFOPLIST_FILE = tableviewsUITests/Info.plist;
				LD_RUNPATH_SEARCH_PATHS = (
					"$(inherited)",
					"@executable_path/Frameworks",
					"@loader_path/Frameworks",
				);
				PRODUCT_BUNDLE_IDENTIFIER = edu.ulsa.tableviewsUITests;
				PRODUCT_NAME = "$(TARGET_NAME)";
				SWIFT_VERSION = 4.0;
				TARGETED_DEVICE_FAMILY = "1,2";
				TEST_TARGET_NAME = tableviews;
			};
			name = Release;
		};
/* End XCBuildConfiguration section */

/* Begin XCConfigurationList section */
		3DFF0D6E27028B1D004E4AB5 /* Build configuration list for PBXProject "tableviews" */ = {
			isa = XCConfigurationList;
			buildConfigurations = (
				3DFF0D9927028B20004E4AB5 /* Debug */,
				3DFF0D9A27028B20004E4AB5 /* Release */,
			);
			defaultConfigurationIsVisible = 0;
			defaultConfigurationName = Release;
		};
		3DFF0D9B27028B20004E4AB5 /* Build configuration list for PBXNativeTarget "tableviews" */ = {
			isa = XCConfigurationList;
			buildConfigurations = (
				3DFF0D9C27028B20004E4AB5 /* Debug */,
				3DFF0D9D27028B20004E4AB5 /* Release */,
			);
			defaultConfigurationIsVisible = 0;
			defaultConfigurationName = Release;
		};
		3DFF0D9E27028B20004E4AB5 /* Build configuration list for PBXNativeTarget "tableviewsTests" */ = {
			isa = XCConfigurationList;
			buildConfigurations = (
				3DFF0D9F27028B20004E4AB5 /* Debug */,
				3DFF0DA027028B20004E4AB5 /* Release */,
			);
			defaultConfigurationIsVisible = 0;
			defaultConfigurationName = Release;
		};
		3DFF0DA127028B20004E4AB5 /* Build configuration list for PBXNativeTarget "tableviewsUITests" */ = {
			isa = XCConfigurationList;
			buildConfigurations = (
				3DFF0DA227028B20004E4AB5 /* Debug */,
				3DFF0DA327028B20004E4AB5 /* Release */,
			);
			defaultConfigurationIsVisible = 0;
			defaultConfigurationName = Release;
		};
/* End XCConfigurationList section */
	};
	rootObject = 3DFF0D6B27028B1D004E4AB5 /* Project object */;
}
